// !$*UTF8*$!
{
	archiveVersion = 1;
	classes = {
	};
	objectVersion = 55;
	objects = {

/* Begin PBXBuildFile section */
		0228B3A12770131400BF8ECF /* AppDelegate.swift in Sources */ = {isa = PBXBuildFile; fileRef = 0228B3A02770131400BF8ECF /* AppDelegate.swift */; };
		0228B3A32770131400BF8ECF /* SceneDelegate.swift in Sources */ = {isa = PBXBuildFile; fileRef = 0228B3A22770131400BF8ECF /* SceneDelegate.swift */; };
		0228B3A52770131400BF8ECF /* WeatherViewController.swift in Sources */ = {isa = PBXBuildFile; fileRef = 0228B3A42770131400BF8ECF /* WeatherViewController.swift */; };
		0228B3AA2770131600BF8ECF /* Assets.xcassets in Resources */ = {isa = PBXBuildFile; fileRef = 0228B3A92770131600BF8ECF /* Assets.xcassets */; };
		0228B3AD2770131600BF8ECF /* LaunchScreen.storyboard in Resources */ = {isa = PBXBuildFile; fileRef = 0228B3AB2770131600BF8ECF /* LaunchScreen.storyboard */; };
		0228B3BB2770684900BF8ECF /* WeatheryTests.swift in Sources */ = {isa = PBXBuildFile; fileRef = 0228B3BA2770684900BF8ECF /* WeatheryTests.swift */; };
		0228B3CD277091E900BF8ECF /* WeatherService.swift in Sources */ = {isa = PBXBuildFile; fileRef = 0228B3CC277091E900BF8ECF /* WeatherService.swift */; };
		0228B3CF277177FB00BF8ECF /* WeatherDataTest.swift in Sources */ = {isa = PBXBuildFile; fileRef = 0228B3CE277177FB00BF8ECF /* WeatherDataTest.swift */; };
		0228B3D127717CAD00BF8ECF /* WeatherData.swift in Sources */ = {isa = PBXBuildFile; fileRef = 0228B3D027717CAC00BF8ECF /* WeatherData.swift */; };
		0228B3D4277195C800BF8ECF /* weather.json in Resources */ = {isa = PBXBuildFile; fileRef = 0228B3D3277195C800BF8ECF /* weather.json */; };
		0228B3D62771996900BF8ECF /* WeatherModel.swift in Sources */ = {isa = PBXBuildFile; fileRef = 0228B3D52771996900BF8ECF /* WeatherModel.swift */; };
		0228B3D8277199CD00BF8ECF /* WeatherNotificiationService.swift in Sources */ = {isa = PBXBuildFile; fileRef = 0228B3D7277199CD00BF8ECF /* WeatherNotificiationService.swift */; };
/* End PBXBuildFile section */

/* Begin PBXContainerItemProxy section */
		0228B3BC2770684900BF8ECF /* PBXContainerItemProxy */ = {
			isa = PBXContainerItemProxy;
			containerPortal = 0228B3952770131400BF8ECF /* Project object */;
			proxyType = 1;
			remoteGlobalIDString = 0228B39C2770131400BF8ECF;
			remoteInfo = Weathery;
		};
/* End PBXContainerItemProxy section */

/* Begin PBXFileReference section */
		0228B39D2770131400BF8ECF /* Weathery.app */ = {isa = PBXFileReference; explicitFileType = wrapper.application; includeInIndex = 0; path = Weathery.app; sourceTree = BUILT_PRODUCTS_DIR; };
		0228B3A02770131400BF8ECF /* AppDelegate.swift */ = {isa = PBXFileReference; lastKnownFileType = sourcecode.swift; path = AppDelegate.swift; sourceTree = "<group>"; };
		0228B3A22770131400BF8ECF /* SceneDelegate.swift */ = {isa = PBXFileReference; lastKnownFileType = sourcecode.swift; path = SceneDelegate.swift; sourceTree = "<group>"; };
		0228B3A42770131400BF8ECF /* WeatherViewController.swift */ = {isa = PBXFileReference; lastKnownFileType = sourcecode.swift; path = WeatherViewController.swift; sourceTree = "<group>"; };
		0228B3A92770131600BF8ECF /* Assets.xcassets */ = {isa = PBXFileReference; lastKnownFileType = folder.assetcatalog; path = Assets.xcassets; sourceTree = "<group>"; };
		0228B3AC2770131600BF8ECF /* Base */ = {isa = PBXFileReference; lastKnownFileType = file.storyboard; name = Base; path = Base.lproj/LaunchScreen.storyboard; sourceTree = "<group>"; };
		0228B3AE2770131600BF8ECF /* Info.plist */ = {isa = PBXFileReference; lastKnownFileType = text.plist.xml; path = Info.plist; sourceTree = "<group>"; };
		0228B3B82770684900BF8ECF /* WeatheryTests.xctest */ = {isa = PBXFileReference; explicitFileType = wrapper.cfbundle; includeInIndex = 0; path = WeatheryTests.xctest; sourceTree = BUILT_PRODUCTS_DIR; };
		0228B3BA2770684900BF8ECF /* WeatheryTests.swift */ = {isa = PBXFileReference; lastKnownFileType = sourcecode.swift; path = WeatheryTests.swift; sourceTree = "<group>"; };
		0228B3CC277091E900BF8ECF /* WeatherService.swift */ = {isa = PBXFileReference; lastKnownFileType = sourcecode.swift; path = WeatherService.swift; sourceTree = "<group>"; };
		0228B3CE277177FB00BF8ECF /* WeatherDataTest.swift */ = {isa = PBXFileReference; lastKnownFileType = sourcecode.swift; path = WeatherDataTest.swift; sourceTree = "<group>"; };
		0228B3D027717CAC00BF8ECF /* WeatherData.swift */ = {isa = PBXFileReference; lastKnownFileType = sourcecode.swift; path = WeatherData.swift; sourceTree = "<group>"; };
		0228B3D3277195C800BF8ECF /* weather.json */ = {isa = PBXFileReference; lastKnownFileType = text.json; path = weather.json; sourceTree = "<group>"; };
		0228B3D52771996900BF8ECF /* WeatherModel.swift */ = {isa = PBXFileReference; lastKnownFileType = sourcecode.swift; path = WeatherModel.swift; sourceTree = "<group>"; };
		0228B3D7277199CD00BF8ECF /* WeatherNotificiationService.swift */ = {isa = PBXFileReference; lastKnownFileType = sourcecode.swift; path = WeatherNotificiationService.swift; sourceTree = "<group>"; };
/* End PBXFileReference section */

/* Begin PBXFrameworksBuildPhase section */
		0228B39A2770131400BF8ECF /* Frameworks */ = {
			isa = PBXFrameworksBuildPhase;
			buildActionMask = 2147483647;
			files = (
			);
			runOnlyForDeploymentPostprocessing = 0;
		};
		0228B3B52770684900BF8ECF /* Frameworks */ = {
			isa = PBXFrameworksBuildPhase;
			buildActionMask = 2147483647;
			files = (
			);
			runOnlyForDeploymentPostprocessing = 0;
		};
/* End PBXFrameworksBuildPhase section */

/* Begin PBXGroup section */
		0228B3942770131400BF8ECF = {
			isa = PBXGroup;
			children = (
				0228B39F2770131400BF8ECF /* Weathery */,
				0228B3B92770684900BF8ECF /* WeatheryTests */,
				0228B39E2770131400BF8ECF /* Products */,
			);
			sourceTree = "<group>";
		};
		0228B39E2770131400BF8ECF /* Products */ = {
			isa = PBXGroup;
			children = (
				0228B39D2770131400BF8ECF /* Weathery.app */,
				0228B3B82770684900BF8ECF /* WeatheryTests.xctest */,
			);
			name = Products;
			sourceTree = "<group>";
		};
		0228B39F2770131400BF8ECF /* Weathery */ = {
			isa = PBXGroup;
			children = (
				0228B3CA2770915E00BF8ECF /* Controller */,
				0228B3CB277091A400BF8ECF /* View */,
				0228B3C8277090EA00BF8ECF /* Model */,
				0228B3A02770131400BF8ECF /* AppDelegate.swift */,
				0228B3A22770131400BF8ECF /* SceneDelegate.swift */,
				0228B3A92770131600BF8ECF /* Assets.xcassets */,
				0228B3AB2770131600BF8ECF /* LaunchScreen.storyboard */,
				0228B3AE2770131600BF8ECF /* Info.plist */,
				0228B3D027717CAC00BF8ECF /* WeatherData.swift */,
			);
			path = Weathery;
			sourceTree = "<group>";
		};
		0228B3B92770684900BF8ECF /* WeatheryTests */ = {
			isa = PBXGroup;
			children = (
				0228B3D22771957D00BF8ECF /* fixtures */,
				0228B3BA2770684900BF8ECF /* WeatheryTests.swift */,
				0228B3CE277177FB00BF8ECF /* WeatherDataTest.swift */,
			);
			path = WeatheryTests;
			sourceTree = "<group>";
		};
		0228B3C8277090EA00BF8ECF /* Model */ = {
			isa = PBXGroup;
			children = (
				0228B3CC277091E900BF8ECF /* WeatherService.swift */,
				0228B3D52771996900BF8ECF /* WeatherModel.swift */,
				0228B3D7277199CD00BF8ECF /* WeatherNotificiationService.swift */,
			);
			name = Model;
			sourceTree = "<group>";
		};
		0228B3CA2770915E00BF8ECF /* Controller */ = {
			isa = PBXGroup;
			children = (
				0228B3A42770131400BF8ECF /* WeatherViewController.swift */,
			);
			name = Controller;
			sourceTree = "<group>";
		};
		0228B3CB277091A400BF8ECF /* View */ = {
			isa = PBXGroup;
			children = (
			);
			name = View;
			path = ..;
			sourceTree = "<group>";
		};
		0228B3D22771957D00BF8ECF /* fixtures */ = {
			isa = PBXGroup;
			children = (
				0228B3D3277195C800BF8ECF /* weather.json */,
			);
			path = fixtures;
			sourceTree = "<group>";
		};
/* End PBXGroup section */

/* Begin PBXNativeTarget section */
		0228B39C2770131400BF8ECF /* Weathery */ = {
			isa = PBXNativeTarget;
			buildConfigurationList = 0228B3B12770131600BF8ECF /* Build configuration list for PBXNativeTarget "Weathery" */;
			buildPhases = (
				0228B3992770131400BF8ECF /* Sources */,
				0228B39A2770131400BF8ECF /* Frameworks */,
				0228B39B2770131400BF8ECF /* Resources */,
			);
			buildRules = (
			);
			dependencies = (
			);
			name = Weathery;
			productName = Weathery;
			productReference = 0228B39D2770131400BF8ECF /* Weathery.app */;
			productType = "com.apple.product-type.application";
		};
		0228B3B72770684900BF8ECF /* WeatheryTests */ = {
			isa = PBXNativeTarget;
			buildConfigurationList = 0228B3BE2770684900BF8ECF /* Build configuration list for PBXNativeTarget "WeatheryTests" */;
			buildPhases = (
				0228B3B42770684900BF8ECF /* Sources */,
				0228B3B52770684900BF8ECF /* Frameworks */,
				0228B3B62770684900BF8ECF /* Resources */,
			);
			buildRules = (
			);
			dependencies = (
				0228B3BD2770684900BF8ECF /* PBXTargetDependency */,
			);
			name = WeatheryTests;
			productName = WeatheryTests;
			productReference = 0228B3B82770684900BF8ECF /* WeatheryTests.xctest */;
			productType = "com.apple.product-type.bundle.unit-test";
		};
/* End PBXNativeTarget section */

/* Begin PBXProject section */
		0228B3952770131400BF8ECF /* Project object */ = {
			isa = PBXProject;
			attributes = {
				BuildIndependentTargetsInParallel = 1;
				LastSwiftUpdateCheck = 1300;
				LastUpgradeCheck = 1300;
				TargetAttributes = {
					0228B39C2770131400BF8ECF = {
						CreatedOnToolsVersion = 13.0;
					};
					0228B3B72770684900BF8ECF = {
						CreatedOnToolsVersion = 13.0;
						TestTargetID = 0228B39C2770131400BF8ECF;
					};
				};
			};
			buildConfigurationList = 0228B3982770131400BF8ECF /* Build configuration list for PBXProject "Weathery" */;
			compatibilityVersion = "Xcode 13.0";
			developmentRegion = en;
			hasScannedForEncodings = 0;
			knownRegions = (
				en,
				Base,
			);
			mainGroup = 0228B3942770131400BF8ECF;
			productRefGroup = 0228B39E2770131400BF8ECF /* Products */;
			projectDirPath = "";
			projectRoot = "";
			targets = (
				0228B39C2770131400BF8ECF /* Weathery */,
				0228B3B72770684900BF8ECF /* WeatheryTests */,
			);
		};
/* End PBXProject section */

/* Begin PBXResourcesBuildPhase section */
		0228B39B2770131400BF8ECF /* Resources */ = {
			isa = PBXResourcesBuildPhase;
			buildActionMask = 2147483647;
			files = (
				0228B3AD2770131600BF8ECF /* LaunchScreen.storyboard in Resources */,
				0228B3AA2770131600BF8ECF /* Assets.xcassets in Resources */,
			);
			runOnlyForDeploymentPostprocessing = 0;
		};
		0228B3B62770684900BF8ECF /* Resources */ = {
			isa = PBXResourcesBuildPhase;
			buildActionMask = 2147483647;
			files = (
				0228B3D4277195C800BF8ECF /* weather.json in Resources */,
			);
			runOnlyForDeploymentPostprocessing = 0;
		};
/* End PBXResourcesBuildPhase section */

/* Begin PBXSourcesBuildPhase section */
		0228B3992770131400BF8ECF /* Sources */ = {
			isa = PBXSourcesBuildPhase;
			buildActionMask = 2147483647;
			files = (
				0228B3CD277091E900BF8ECF /* WeatherService.swift in Sources */,
				0228B3D8277199CD00BF8ECF /* WeatherNotificiationService.swift in Sources */,
				0228B3D62771996900BF8ECF /* WeatherModel.swift in Sources */,
				0228B3D127717CAD00BF8ECF /* WeatherData.swift in Sources */,
				0228B3A52770131400BF8ECF /* WeatherViewController.swift in Sources */,
				0228B3A12770131400BF8ECF /* AppDelegate.swift in Sources */,
				0228B3A32770131400BF8ECF /* SceneDelegate.swift in Sources */,
			);
			runOnlyForDeploymentPostprocessing = 0;
		};
		0228B3B42770684900BF8ECF /* Sources */ = {
			isa = PBXSourcesBuildPhase;
			buildActionMask = 2147483647;
			files = (
				0228B3CF277177FB00BF8ECF /* WeatherDataTest.swift in Sources */,
				0228B3BB2770684900BF8ECF /* WeatheryTests.swift in Sources */,
			);
			runOnlyForDeploymentPostprocessing = 0;
		};
/* End PBXSourcesBuildPhase section */

/* Begin PBXTargetDependency section */
		0228B3BD2770684900BF8ECF /* PBXTargetDependency */ = {
			isa = PBXTargetDependency;
			target = 0228B39C2770131400BF8ECF /* Weathery */;
			targetProxy = 0228B3BC2770684900BF8ECF /* PBXContainerItemProxy */;
		};
/* End PBXTargetDependency section */

/* Begin PBXVariantGroup section */
		0228B3AB2770131600BF8ECF /* LaunchScreen.storyboard */ = {
			isa = PBXVariantGroup;
			children = (
				0228B3AC2770131600BF8ECF /* Base */,
			);
			name = LaunchScreen.storyboard;
			sourceTree = "<group>";
		};
/* End PBXVariantGroup section */

/* Begin XCBuildConfiguration section */
		0228B3AF2770131600BF8ECF /* Debug */ = {
			isa = XCBuildConfiguration;
			buildSettings = {
				ALWAYS_SEARCH_USER_PATHS = NO;
				CLANG_ANALYZER_NONNULL = YES;
				CLANG_ANALYZER_NUMBER_OBJECT_CONVERSION = YES_AGGRESSIVE;
				CLANG_CXX_LANGUAGE_STANDARD = "gnu++17";
				CLANG_CXX_LIBRARY = "libc++";
				CLANG_ENABLE_MODULES = YES;
				CLANG_ENABLE_OBJC_ARC = YES;
				CLANG_ENABLE_OBJC_WEAK = YES;
				CLANG_WARN_BLOCK_CAPTURE_AUTORELEASING = YES;
				CLANG_WARN_BOOL_CONVERSION = YES;
				CLANG_WARN_COMMA = YES;
				CLANG_WARN_CONSTANT_CONVERSION = YES;
				CLANG_WARN_DEPRECATED_OBJC_IMPLEMENTATIONS = YES;
				CLANG_WARN_DIRECT_OBJC_ISA_USAGE = YES_ERROR;
				CLANG_WARN_DOCUMENTATION_COMMENTS = YES;
				CLANG_WARN_EMPTY_BODY = YES;
				CLANG_WARN_ENUM_CONVERSION = YES;
				CLANG_WARN_INFINITE_RECURSION = YES;
				CLANG_WARN_INT_CONVERSION = YES;
				CLANG_WARN_NON_LITERAL_NULL_CONVERSION = YES;
				CLANG_WARN_OBJC_IMPLICIT_RETAIN_SELF = YES;
				CLANG_WARN_OBJC_LITERAL_CONVERSION = YES;
				CLANG_WARN_OBJC_ROOT_CLASS = YES_ERROR;
				CLANG_WARN_QUOTED_INCLUDE_IN_FRAMEWORK_HEADER = YES;
				CLANG_WARN_RANGE_LOOP_ANALYSIS = YES;
				CLANG_WARN_STRICT_PROTOTYPES = YES;
				CLANG_WARN_SUSPICIOUS_MOVE = YES;
				CLANG_WARN_UNGUARDED_AVAILABILITY = YES_AGGRESSIVE;
				CLANG_WARN_UNREACHABLE_CODE = YES;
				CLANG_WARN__DUPLICATE_METHOD_MATCH = YES;
				COPY_PHASE_STRIP = NO;
				DEBUG_INFORMATION_FORMAT = dwarf;
				ENABLE_STRICT_OBJC_MSGSEND = YES;
				ENABLE_TESTABILITY = YES;
				GCC_C_LANGUAGE_STANDARD = gnu11;
				GCC_DYNAMIC_NO_PIC = NO;
				GCC_NO_COMMON_BLOCKS = YES;
				GCC_OPTIMIZATION_LEVEL = 0;
				GCC_PREPROCESSOR_DEFINITIONS = (
					"DEBUG=1",
					"$(inherited)",
				);
				GCC_WARN_64_TO_32_BIT_CONVERSION = YES;
				GCC_WARN_ABOUT_RETURN_TYPE = YES_ERROR;
				GCC_WARN_UNDECLARED_SELECTOR = YES;
				GCC_WARN_UNINITIALIZED_AUTOS = YES_AGGRESSIVE;
				GCC_WARN_UNUSED_FUNCTION = YES;
				GCC_WARN_UNUSED_VARIABLE = YES;
				IPHONEOS_DEPLOYMENT_TARGET = 14.6;
				MTL_ENABLE_DEBUG_INFO = INCLUDE_SOURCE;
				MTL_FAST_MATH = YES;
				ONLY_ACTIVE_ARCH = YES;
				SDKROOT = iphoneos;
				SWIFT_ACTIVE_COMPILATION_CONDITIONS = DEBUG;
				SWIFT_OPTIMIZATION_LEVEL = "-Onone";
			};
			name = Debug;
		};
		0228B3B02770131600BF8ECF /* Release */ = {
			isa = XCBuildConfiguration;
			buildSettings = {
				ALWAYS_SEARCH_USER_PATHS = NO;
				CLANG_ANALYZER_NONNULL = YES;
				CLANG_ANALYZER_NUMBER_OBJECT_CONVERSION = YES_AGGRESSIVE;
				CLANG_CXX_LANGUAGE_STANDARD = "gnu++17";
				CLANG_CXX_LIBRARY = "libc++";
				CLANG_ENABLE_MODULES = YES;
				CLANG_ENABLE_OBJC_ARC = YES;
				CLANG_ENABLE_OBJC_WEAK = YES;
				CLANG_WARN_BLOCK_CAPTURE_AUTORELEASING = YES;
				CLANG_WARN_BOOL_CONVERSION = YES;
				CLANG_WARN_COMMA = YES;
				CLANG_WARN_CONSTANT_CONVERSION = YES;
				CLANG_WARN_DEPRECATED_OBJC_IMPLEMENTATIONS = YES;
				CLANG_WARN_DIRECT_OBJC_ISA_USAGE = YES_ERROR;
				CLANG_WARN_DOCUMENTATION_COMMENTS = YES;
				CLANG_WARN_EMPTY_BODY = YES;
				CLANG_WARN_ENUM_CONVERSION = YES;
				CLANG_WARN_INFINITE_RECURSION = YES;
				CLANG_WARN_INT_CONVERSION = YES;
				CLANG_WARN_NON_LITERAL_NULL_CONVERSION = YES;
				CLANG_WARN_OBJC_IMPLICIT_RETAIN_SELF = YES;
				CLANG_WARN_OBJC_LITERAL_CONVERSION = YES;
				CLANG_WARN_OBJC_ROOT_CLASS = YES_ERROR;
				CLANG_WARN_QUOTED_INCLUDE_IN_FRAMEWORK_HEADER = YES;
				CLANG_WARN_RANGE_LOOP_ANALYSIS = YES;
				CLANG_WARN_STRICT_PROTOTYPES = YES;
				CLANG_WARN_SUSPICIOUS_MOVE = YES;
				CLANG_WARN_UNGUARDED_AVAILABILITY = YES_AGGRESSIVE;
				CLANG_WARN_UNREACHABLE_CODE = YES;
				CLANG_WARN__DUPLICATE_METHOD_MATCH = YES;
				COPY_PHASE_STRIP = NO;
				DEBUG_INFORMATION_FORMAT = "dwarf-with-dsym";
				ENABLE_NS_ASSERTIONS = NO;
				ENABLE_STRICT_OBJC_MSGSEND = YES;
				GCC_C_LANGUAGE_STANDARD = gnu11;
				GCC_NO_COMMON_BLOCKS = YES;
				GCC_WARN_64_TO_32_BIT_CONVERSION = YES;
				GCC_WARN_ABOUT_RETURN_TYPE = YES_ERROR;
				GCC_WARN_UNDECLARED_SELECTOR = YES;
				GCC_WARN_UNINITIALIZED_AUTOS = YES_AGGRESSIVE;
				GCC_WARN_UNUSED_FUNCTION = YES;
				GCC_WARN_UNUSED_VARIABLE = YES;
				IPHONEOS_DEPLOYMENT_TARGET = 14.6;
				MTL_ENABLE_DEBUG_INFO = NO;
				MTL_FAST_MATH = YES;
				SDKROOT = iphoneos;
				SWIFT_COMPILATION_MODE = wholemodule;
				SWIFT_OPTIMIZATION_LEVEL = "-O";
				VALIDATE_PRODUCT = YES;
			};
			name = Release;
		};
		0228B3B22770131600BF8ECF /* Debug */ = {
			isa = XCBuildConfiguration;
			buildSettings = {
				ASSETCATALOG_COMPILER_APPICON_NAME = AppIcon;
				ASSETCATALOG_COMPILER_GLOBAL_ACCENT_COLOR_NAME = AccentColor;
				CODE_SIGN_STYLE = Automatic;
				CURRENT_PROJECT_VERSION = 1;
				DEVELOPMENT_TEAM = 96876GLFNC;
				GENERATE_INFOPLIST_FILE = YES;
				INFOPLIST_FILE = Weathery/Info.plist;
				INFOPLIST_KEY_UIApplicationSupportsIndirectInputEvents = YES;
				INFOPLIST_KEY_UILaunchStoryboardName = LaunchScreen;
				INFOPLIST_KEY_UISupportedInterfaceOrientations_iPad = "UIInterfaceOrientationPortrait UIInterfaceOrientationPortraitUpsideDown UIInterfaceOrientationLandscapeLeft UIInterfaceOrientationLandscapeRight";
				INFOPLIST_KEY_UISupportedInterfaceOrientations_iPhone = "UIInterfaceOrientationPortrait UIInterfaceOrientationLandscapeLeft UIInterfaceOrientationLandscapeRight";
				LD_RUNPATH_SEARCH_PATHS = (
					"$(inherited)",
					"@executable_path/Frameworks",
				);
				MARKETING_VERSION = 1.0;
				PRODUCT_BUNDLE_IDENTIFIER = com.kuruma42.Weathery;
				PRODUCT_NAME = "$(TARGET_NAME)";
				SWIFT_EMIT_LOC_STRINGS = YES;
				SWIFT_VERSION = 5.0;
				TARGETED_DEVICE_FAMILY = "1,2";
			};
			name = Debug;
		};
		0228B3B32770131600BF8ECF /* Release */ = {
			isa = XCBuildConfiguration;
			buildSettings = {
				ASSETCATALOG_COMPILER_APPICON_NAME = AppIcon;
				ASSETCATALOG_COMPILER_GLOBAL_ACCENT_COLOR_NAME = AccentColor;
				CODE_SIGN_STYLE = Automatic;
				CURRENT_PROJECT_VERSION = 1;
				DEVELOPMENT_TEAM = 96876GLFNC;
				GENERATE_INFOPLIST_FILE = YES;
				INFOPLIST_FILE = Weathery/Info.plist;
				INFOPLIST_KEY_UIApplicationSupportsIndirectInputEvents = YES;
				INFOPLIST_KEY_UILaunchStoryboardName = LaunchScreen;
				INFOPLIST_KEY_UISupportedInterfaceOrientations_iPad = "UIInterfaceOrientationPortrait UIInterfaceOrientationPortraitUpsideDown UIInterfaceOrientationLandscapeLeft UIInterfaceOrientationLandscapeRight";
				INFOPLIST_KEY_UISupportedInterfaceOrientations_iPhone = "UIInterfaceOrientationPortrait UIInterfaceOrientationLandscapeLeft UIInterfaceOrientationLandscapeRight";
				LD_RUNPATH_SEARCH_PATHS = (
					"$(inherited)",
					"@executable_path/Frameworks",
				);
				MARKETING_VERSION = 1.0;
				PRODUCT_BUNDLE_IDENTIFIER = com.kuruma42.Weathery;
				PRODUCT_NAME = "$(TARGET_NAME)";
				SWIFT_EMIT_LOC_STRINGS = YES;
				SWIFT_VERSION = 5.0;
				TARGETED_DEVICE_FAMILY = "1,2";
			};
			name = Release;
		};
		0228B3BF2770684900BF8ECF /* Debug */ = {
			isa = XCBuildConfiguration;
			buildSettings = {
				BUNDLE_LOADER = "$(TEST_HOST)";
				CODE_SIGN_STYLE = Automatic;
				CURRENT_PROJECT_VERSION = 1;
				DEVELOPMENT_TEAM = 96876GLFNC;
				GENERATE_INFOPLIST_FILE = YES;
				IPHONEOS_DEPLOYMENT_TARGET = 15.0;
				LD_RUNPATH_SEARCH_PATHS = (
					"$(inherited)",
					"@executable_path/Frameworks",
					"@loader_path/Frameworks",
				);
				MARKETING_VERSION = 1.0;
				PRODUCT_BUNDLE_IDENTIFIER = com.kuruma42.WeatheryTests;
				PRODUCT_NAME = "$(TARGET_NAME)";
				SWIFT_EMIT_LOC_STRINGS = NO;
				SWIFT_VERSION = 5.0;
				TARGETED_DEVICE_FAMILY = "1,2";
				TEST_HOST = "$(BUILT_PRODUCTS_DIR)/Weathery.app/Weathery";
			};
			name = Debug;
		};
		0228B3C02770684900BF8ECF /* Release */ = {
			isa = XCBuildConfiguration;
			buildSettings = {
				BUNDLE_LOADER = "$(TEST_HOST)";
				CODE_SIGN_STYLE = Automatic;
				CURRENT_PROJECT_VERSION = 1;
				DEVELOPMENT_TEAM = 96876GLFNC;
				GENERATE_INFOPLIST_FILE = YES;
				IPHONEOS_DEPLOYMENT_TARGET = 15.0;
				LD_RUNPATH_SEARCH_PATHS = (
					"$(inherited)",
					"@executable_path/Frameworks",
					"@loader_path/Frameworks",
				);
				MARKETING_VERSION = 1.0;
				PRODUCT_BUNDLE_IDENTIFIER = com.kuruma42.WeatheryTests;
				PRODUCT_NAME = "$(TARGET_NAME)";
				SWIFT_EMIT_LOC_STRINGS = NO;
				SWIFT_VERSION = 5.0;
				TARGETED_DEVICE_FAMILY = "1,2";
				TEST_HOST = "$(BUILT_PRODUCTS_DIR)/Weathery.app/Weathery";
			};
			name = Release;
		};
/* End XCBuildConfiguration section */

/* Begin XCConfigurationList section */
		0228B3982770131400BF8ECF /* Build configuration list for PBXProject "Weathery" */ = {
			isa = XCConfigurationList;
			buildConfigurations = (
				0228B3AF2770131600BF8ECF /* Debug */,
				0228B3B02770131600BF8ECF /* Release */,
			);
			defaultConfigurationIsVisible = 0;
			defaultConfigurationName = Release;
		};
		0228B3B12770131600BF8ECF /* Build configuration list for PBXNativeTarget "Weathery" */ = {
			isa = XCConfigurationList;
			buildConfigurations = (
				0228B3B22770131600BF8ECF /* Debug */,
				0228B3B32770131600BF8ECF /* Release */,
			);
			defaultConfigurationIsVisible = 0;
			defaultConfigurationName = Release;
		};
		0228B3BE2770684900BF8ECF /* Build configuration list for PBXNativeTarget "WeatheryTests" */ = {
			isa = XCConfigurationList;
			buildConfigurations = (
				0228B3BF2770684900BF8ECF /* Debug */,
				0228B3C02770684900BF8ECF /* Release */,
			);
			defaultConfigurationIsVisible = 0;
			defaultConfigurationName = Release;
		};
/* End XCConfigurationList section */
	};
	rootObject = 0228B3952770131400BF8ECF /* Project object */;
}
